
Microsoft Visual Studio Solution File, Format Version 12.00
# Visual Studio Version 17
VisualStudioVersion = 17.3.32811.315
MinimumVisualStudioVersion = 10.0.40219.1
Project("{9A19103F-16F7-4668-BE54-9A1E7A4F7556}") = "Automated_SpecFlow_Project", "Automated_SpecFlow_Project\Automated_SpecFlow_Project.csproj", "{4B9DC733-1240-40FE-805A-875988BED905}"
EndProject
Project("{FAE04EC0-301F-11D3-BF4B-00C04F79EFBC}") = "SpecFlow_API_Automation", "SpecFlow_API_Automation\SpecFlow_API_Automation.csproj", "{9ACAA1E8-686E-43BD-9329-635769C1CACA}"
EndProject
Global
	GlobalSection(SolutionConfigurationPlatforms) = preSolution
		Debug|Any CPU = Debug|Any CPU
		Release|Any CPU = Release|Any CPU
	EndGlobalSection
	GlobalSection(ProjectConfigurationPlatforms) = postSolution
		{4B9DC733-1240-40FE-805A-875988BED905}.Debug|Any CPU.ActiveCfg = Debug|Any CPU
		{4B9DC733-1240-40FE-805A-875988BED905}.Debug|Any CPU.Build.0 = Debug|Any CPU
		{4B9DC733-1240-40FE-805A-875988BED905}.Release|Any CPU.ActiveCfg = Release|Any CPU
		{4B9DC733-1240-40FE-805A-875988BED905}.Release|Any CPU.Build.0 = Release|Any CPU
		{9ACAA1E8-686E-43BD-9329-635769C1CACA}.Debug|Any CPU.ActiveCfg = Debug|Any CPU
		{9ACAA1E8-686E-43BD-9329-635769C1CACA}.Debug|Any CPU.Build.0 = Debug|Any CPU
		{9ACAA1E8-686E-43BD-9329-635769C1CACA}.Release|Any CPU.ActiveCfg = Release|Any CPU
		{9ACAA1E8-686E-43BD-9329-635769C1CACA}.Release|Any CPU.Build.0 = Release|Any CPU
	EndGlobalSection
	GlobalSection(SolutionProperties) = preSolution
		HideSolutionNode = FALSE
	EndGlobalSection
	GlobalSection(ExtensibilityGlobals) = postSolution
		SolutionGuid = {A91C1751-977B-4A44-829D-0B68A72C7325}
	EndGlobalSection
EndGlobal
